
Microsoft Visual Studio Solution File, Format Version 12.00
# Visual Studio Version 16
VisualStudioVersion = 16.0.30114.105
MinimumVisualStudioVersion = 10.0.40219.1
Project("{9A19103F-16F7-4668-BE54-9A1E7A4F7556}") = "Reflection", "Reflection\Reflection.csproj", "{258CD656-C032-458E-828B-052774683244}"
EndProject
Project("{9A19103F-16F7-4668-BE54-9A1E7A4F7556}") = "Library", "Library\Library.csproj", "{2E56A9E1-CFD1-453A-BE7A-49646BF1289A}"
EndProject
Global
	GlobalSection(SolutionConfigurationPlatforms) = preSolution
		Debug|Any CPU = Debug|Any CPU
		Release|Any CPU = Release|Any CPU
	EndGlobalSection
	GlobalSection(ProjectConfigurationPlatforms) = postSolution
		{258CD656-C032-458E-828B-052774683244}.Debug|Any CPU.ActiveCfg = Debug|Any CPU
		{258CD656-C032-458E-828B-052774683244}.Debug|Any CPU.Build.0 = Debug|Any CPU
		{258CD656-C032-458E-828B-052774683244}.Release|Any CPU.ActiveCfg = Release|Any CPU
		{258CD656-C032-458E-828B-052774683244}.Release|Any CPU.Build.0 = Release|Any CPU
		{2E56A9E1-CFD1-453A-BE7A-49646BF1289A}.Debug|Any CPU.ActiveCfg = Debug|Any CPU
		{2E56A9E1-CFD1-453A-BE7A-49646BF1289A}.Debug|Any CPU.Build.0 = Debug|Any CPU
		{2E56A9E1-CFD1-453A-BE7A-49646BF1289A}.Release|Any CPU.ActiveCfg = Release|Any CPU
		{2E56A9E1-CFD1-453A-BE7A-49646BF1289A}.Release|Any CPU.Build.0 = Release|Any CPU
	EndGlobalSection
	GlobalSection(SolutionProperties) = preSolution
		HideSolutionNode = FALSE
	EndGlobalSection
	GlobalSection(ExtensibilityGlobals) = postSolution
		SolutionGuid = {57DE8B2C-50B9-4D6F-884D-AA2794ED8AE1}
	EndGlobalSection
EndGlobal
